version = 1
requires-python = "==3.12.*"

[[package]]
name = "asgiref"
version = "3.11.0"
source = { registry = "https://pypi.org/simple" }
sdist = { url = "https://files.pythonhosted.org/packages/76/b9/4db2509eabd14b4a8c71d1b24c8d5734c52b8560a7b1e1a8b56c8d25568b/asgiref-3.11.0.tar.gz", hash = "sha256:13acff32519542a1736223fb79a715acdebe24286d98e8b164a73085f40da2c4", size = 37969 }
wheels = [
    { url = "https://files.pythonhosted.org/packages/91/be/317c2c55b8bbec407257d45f5c8d1b6867abc76d12043f2d3d58c538a4ea/asgiref-3.11.0-py3-none-any.whl", hash = "sha256:1db9021efadb0d9512ce8ffaf72fcef601c7b73a8807a1bb2ef143dc6b14846d", size = 24096 },
]

[[package]]
name = "bdrxml"
version = "1.4"
source = { registry = "https://pypi.org/simple" }
dependencies = [
    { name = "eulxml" },
    { name = "ply" },
    { name = "rdflib" },
]
sdist = { url = "https://files.pythonhosted.org/packages/8a/1f/954e36f5f8abff73a4b33d576d7365d998006fd3d129b2d3f8a77efede3e/bdrxml-1.4.tar.gz", hash = "sha256:53f46dd614508281c89b5285163d8598129338398148d041e5196eb8f5faf40a", size = 40593 }
wheels = [
    { url = "https://files.pythonhosted.org/packages/ef/7b/f02cb4c3cd7ab445fe7097838d0ea58ce9c87a6bd3f4136ee07447147519/bdrxml-1.4-py3-none-any.whl", hash = "sha256:a723439d3340059326d5936fb4de7fc3e4fd080334677e383fc8e2779c71bb0d", size = 51106 },
]

[[package]]
name = "certifi"
version = "2026.1.4"
source = { registry = "https://pypi.org/simple" }
sdist = { url = "https://files.pythonhosted.org/packages/e0/2d/a891ca51311197f6ad14a7ef42e2399f36cf2f9bd44752b3dc4eab60fdc5/certifi-2026.1.4.tar.gz", hash = "sha256:ac726dd470482006e014ad384921ed6438c457018f4b3d204aea4281258b2120", size = 154268 }
wheels = [
    { url = "https://files.pythonhosted.org/packages/e6/ad/3cc14f097111b4de0040c83a525973216457bbeeb63739ef1ed275c1c021/certifi-2026.1.4-py3-none-any.whl", hash = "sha256:9943707519e4add1115f44c2bc244f782c0249876bf51b6599fee1ffbedd685c", size = 152900 },
]

[[package]]
name = "charset-normalizer"
version = "2.0.12"
source = { registry = "https://pypi.org/simple" }
sdist = { url = "https://files.pythonhosted.org/packages/56/31/7bcaf657fafb3c6db8c787a865434290b726653c912085fbd371e9b92e1c/charset-normalizer-2.0.12.tar.gz", hash = "sha256:2857e29ff0d34db842cd7ca3230549d1a697f96ee6d3fb071cfa6c7393832597", size = 79105 }
wheels = [
    { url = "https://files.pythonhosted.org/packages/06/b3/24afc8868eba069a7f03650ac750a778862dc34941a4bebeb58706715726/charset_normalizer-2.0.12-py3-none-any.whl", hash = "sha256:6881edbebdb17b39b4eaaa821b438bf6eddffb4468cf344f09f89def34a8b1df", size = 39623 },
]

[[package]]
name = "defusedxml"
version = "0.7.1"
source = { registry = "https://pypi.org/simple" }
sdist = { url = "https://files.pythonhosted.org/packages/0f/d5/c66da9b79e5bdb124974bfe172b4daf3c984ebd9c2a06e2b8a4dc7331c72/defusedxml-0.7.1.tar.gz", hash = "sha256:1bb3032db185915b62d7c6209c5a8792be6a32ab2fedacc84e01b52c51aa3e69", size = 75520 }
wheels = [
    { url = "https://files.pythonhosted.org/packages/07/6c/aa3f2f849e01cb6a001cd8554a88d4c77c5c1a31c95bdf1cf9301e6d9ef4/defusedxml-0.7.1-py2.py3-none-any.whl", hash = "sha256:a352e7e428770286cc899e2542b6cdaedb2b4953ff269a210103ec58f6198a61", size = 25604 },
]

[[package]]
name = "diff-match-patch"
version = "20241021"
source = { registry = "https://pypi.org/simple" }
sdist = { url = "https://files.pythonhosted.org/packages/0e/ad/32e1777dd57d8e85fa31e3a243af66c538245b8d64b7265bec9a61f2ca33/diff_match_patch-20241021.tar.gz", hash = "sha256:beae57a99fa48084532935ee2968b8661db861862ec82c6f21f4acdd6d835073", size = 39962 }
wheels = [
    { url = "https://files.pythonhosted.org/packages/f7/bb/2aa9b46a01197398b901e458974c20ed107935c26e44e37ad5b0e5511e44/diff_match_patch-20241021-py3-none-any.whl", hash = "sha256:93cea333fb8b2bc0d181b0de5e16df50dd344ce64828226bda07728818936782", size = 43252 },
]

[[package]]
name = "django"
version = "4.2.27"
source = { registry = "https://pypi.org/simple" }
dependencies = [
    { name = "asgiref" },
    { name = "sqlparse" },
    { name = "tzdata", marker = "sys_platform == 'win32'" },
]
sdist = { url = "https://files.pythonhosted.org/packages/ce/ff/6aa5a94b85837af893ca82227301ac6ddf4798afda86151fb2066d26ca0a/django-4.2.27.tar.gz", hash = "sha256:b865fbe0f4a3d1ee36594c5efa42b20db3c8bbb10dff0736face1c6e4bda5b92", size = 10432781 }
wheels = [
    { url = "https://files.pythonhosted.org/packages/dd/f5/1a2319cc090870bfe8c62ef5ad881a6b73b5f4ce7330c5cf2cb4f9536b12/django-4.2.27-py3-none-any.whl", hash = "sha256:f393a394053713e7d213984555c5b7d3caeee78b2ccb729888a0774dff6c11a8", size = 7995090 },
]

[[package]]
name = "django-bootstrap3"
version = "23.6"
source = { registry = "https://pypi.org/simple" }
dependencies = [
    { name = "django" },
]
sdist = { url = "https://files.pythonhosted.org/packages/e9/3e/7fee678a06e3912617dbc03084288e0dee8f6de50e838c8873189caafebe/django-bootstrap3-23.6.tar.gz", hash = "sha256:f8563b2641bcad3a8626beda979ff697c8375002cbf906fbd49f4be97b0f8a54", size = 47927 }
wheels = [
    { url = "https://files.pythonhosted.org/packages/d5/4f/831f41c0a0c2bd700457214af3ff793114efb51792892c818dce951e02ed/django_bootstrap3-23.6-py3-none-any.whl", hash = "sha256:ba1334104c390ca9dc5b985a8d8ec45fab2c6401e4abb8d3a47d3b225614c3d9", size = 24320 },
]

[[package]]
name = "django-bulstyle"
version = "1.3"
source = { url = "https://github.com/Brown-University-Library/django-bulstyle/archive/v1.3.zip" }
dependencies = [
    { name = "django-bootstrap3" },
]
sdist = { hash = "sha256:ae3feebba1667a6d842ac65567fca15d39fdb7dfe30627314dd9469a9c0d250b" }

[package.metadata]
requires-dist = [{ name = "django-bootstrap3" }]

[[package]]
name = "django-crispy-forms"
version = "1.11.2"
source = { registry = "https://pypi.org/simple" }
sdist = { url = "https://files.pythonhosted.org/packages/8a/79/f976b92e8590108b1d03c55d13502c09bfad0235c836a1f140ad083e37ca/django-crispy-forms-1.11.2.tar.gz", hash = "sha256:88efa857ce6111bd696cc4f74057539a3456102fe9c3a3ece8868e1e4579e70a", size = 63791 }
wheels = [
    { url = "https://files.pythonhosted.org/packages/2a/df/f4618a94c3b1f748c6876bc178f2f80ec7a9fc6ef17a406c80009bbb130d/django_crispy_forms-1.11.2-py3-none-any.whl", hash = "sha256:3db71ab06d17ec9d0195c086d3ad454da300ac268752ac3a4f63d72f7a490254", size = 112992 },
]

[[package]]
name = "django-dotenv"
version = "1.4.2"
source = { registry = "https://pypi.org/simple" }
sdist = { url = "https://files.pythonhosted.org/packages/82/18/b1d0bb605a5737e9a62c5135cf4bc234a5186abfbe1b06706ea68f235f32/django-dotenv-1.4.2.tar.gz", hash = "sha256:3812bb0f4876cf31f902aad140f0645e120e51ee30eb7c40c22050f58a0e4adb", size = 4295 }
wheels = [
    { url = "https://files.pythonhosted.org/packages/e4/af/d9175f2b40a9bcd700db2861610d6ed48c2795ffba46c1d6abf25f7c1dea/django_dotenv-1.4.2-py2.py3-none-any.whl", hash = "sha256:a9b1b40a70bd321acd231926acedb9bd2c5e873e33a1873b34a7276d196a765e", size = 3794 },
]

[[package]]
name = "django-import-export"
version = "3.0.2"
source = { registry = "https://pypi.org/simple" }
dependencies = [
    { name = "diff-match-patch" },
    { name = "django" },
    { name = "tablib", extra = ["ods", "xls", "xlsx", "yaml"] },
]
sdist = { url = "https://files.pythonhosted.org/packages/92/56/da7594581b5f4893670becc29f5778103b2790ccffc2182a87dbfce46df5/django-import-export-3.0.2.tar.gz", hash = "sha256:ae77a44c08d94b98e50dec11ea53fd5f65702b7d8c3c929c88c310a4e4444507", size = 58275 }
wheels = [
    { url = "https://files.pythonhosted.org/packages/06/e9/42b4dad55180a6d38edaa4d9e012a7e2f99cc6ec96d3981fa2bf6309ef4e/django_import_export-3.0.2-py3-none-any.whl", hash = "sha256:f0f08f119b1f3a39e67dab8f945609ee13e264a798be532bdd7210e1c851efe2", size = 104003 },
]

[[package]]
name = "django-model-utils"
version = "4.1.1"
source = { registry = "https://pypi.org/simple" }
dependencies = [
    { name = "django" },
]
sdist = { url = "https://files.pythonhosted.org/packages/a5/7c/50b36fb5b1e63888107f0d215cae87197165e47de42b9d4142740547fba4/django-model-utils-4.1.1.tar.gz", hash = "sha256:eb5dd05ef7d7ce6bc79cae54ea7c4a221f6f81e2aad7722933aee66489e7264b", size = 67717 }
wheels = [
    { url = "https://files.pythonhosted.org/packages/c4/4d/3a1fc03a0e3dd5fafec7eeed39ef198972d44281df2624de77a2119b21a4/django_model_utils-4.1.1-py3-none-any.whl", hash = "sha256:ef7c440024e797796a3811432abdd2be8b5225ae64ef346f8bfc6de7d8e5d73c", size = 32168 },
]

[[package]]
name = "django-shibboleth-remoteuser"
version = "0.12"
source = { registry = "https://pypi.org/simple" }
sdist = { url = "https://files.pythonhosted.org/packages/81/67/d2c715dad282ee2b8ef83569dff149f7d7f5da767898bd3331f9ebe7df9b/django-shibboleth-remoteuser-0.12.tar.gz", hash = "sha256:9e8a4aac75f24e473593bfd1fce210731e1324658d23c98e5fbb26492b96fc3f", size = 13005 }
wheels = [
    { url = "https://files.pythonhosted.org/packages/25/d8/3e80b6ce13b9ce584d5045ce194e863c507f3f83b7b6bcffe5245e518d43/django_shibboleth_remoteuser-0.12-py3-none-any.whl", hash = "sha256:d4ee875cfa62b58e463fff614fe5d43c2cfd6aafa5bed7931dcfa663f2792481", size = 15323 },
]

[[package]]
name = "et-xmlfile"
version = "2.0.0"
source = { registry = "https://pypi.org/simple" }
sdist = { url = "https://files.pythonhosted.org/packages/d3/38/af70d7ab1ae9d4da450eeec1fa3918940a5fafb9055e934af8d6eb0c2313/et_xmlfile-2.0.0.tar.gz", hash = "sha256:dab3f4764309081ce75662649be815c4c9081e88f0837825f90fd28317d4da54", size = 17234 }
wheels = [
    { url = "https://files.pythonhosted.org/packages/c1/8b/5fe2cc11fee489817272089c4203e679c63b570a5aaeb18d852ae3cbba6a/et_xmlfile-2.0.0-py3-none-any.whl", hash = "sha256:7a91720bc756843502c3b7504c77b8fe44217c85c537d85037f0f536151b2caa", size = 18059 },
]

[[package]]
name = "etd"
version = "0.0.0"
source = { virtual = "." }
dependencies = [
    { name = "bdrxml" },
    { name = "django" },
    { name = "django-bulstyle" },
    { name = "django-crispy-forms" },
    { name = "django-dotenv" },
    { name = "django-import-export" },
    { name = "django-model-utils" },
    { name = "django-shibboleth-remoteuser" },
    { name = "requests" },
    { name = "setuptools" },
]

[package.dev-dependencies]
production = [
    { name = "mysqlclient" },
]
staging = [
    { name = "mysqlclient" },
    { name = "pysqlite3" },
    { name = "pysqlite3-binary" },
    { name = "responses" },
]
test = [
    { name = "responses" },
]

[package.metadata]
requires-dist = [
    { name = "bdrxml", specifier = "==1.4" },
    { name = "django", specifier = "~=4.2.0" },
    { name = "django-bulstyle", url = "https://github.com/Brown-University-Library/django-bulstyle/archive/v1.3.zip" },
    { name = "django-crispy-forms", specifier = "~=1.11.0" },
    { name = "django-dotenv", specifier = "~=1.4.0" },
    { name = "django-import-export", specifier = "~=3.0.0" },
    { name = "django-model-utils", specifier = "~=4.1.1" },
    { name = "django-shibboleth-remoteuser", specifier = "==0.12" },
    { name = "requests", specifier = "~=2.26.0" },
    { name = "setuptools", specifier = ">=75.3.2" },
]

[package.metadata.requires-dev]
production = [{ name = "mysqlclient", specifier = "~=2.1.0" }]
staging = [
    { name = "mysqlclient", specifier = "~=2.1.0" },
    { name = "pysqlite3", specifier = "~=0.5.4" },
    { name = "pysqlite3-binary", specifier = "~=0.5.4" },
    { name = "responses", specifier = "==0.23.0" },
]
test = [{ name = "responses", specifier = "==0.23.0" }]

[[package]]
name = "eulxml"
version = "1.1.3"
source = { registry = "https://pypi.org/simple" }
dependencies = [
    { name = "lxml" },
    { name = "ply" },
    { name = "six" },
]
sdist = { url = "https://files.pythonhosted.org/packages/c7/5d/baf644154d180eee580860fdca4eafe43dfd18f0159f9425f635635a667b/eulxml-1.1.3.tar.gz", hash = "sha256:a2df44fc91428db2d1089d399789f5d36dcc6cbef24c3149c65672fcb81beca3", size = 251289 }
wheels = [
    { url = "https://files.pythonhosted.org/packages/4f/83/e254c3aa358bb92fbf91047d19676900bf3bce18cbc6fe9190524db7346c/eulxml-1.1.3-py2.py3-none-any.whl", hash = "sha256:e981607d6b44fc6f409717dbaf17505846c5c69300b837f854d942471e026213", size = 216622 },
]

[[package]]
name = "idna"
version = "3.11"
source = { registry = "https://pypi.org/simple" }
sdist = { url = "https://files.pythonhosted.org/packages/6f/6d/0703ccc57f3a7233505399edb88de3cbd678da106337b9fcde432b65ed60/idna-3.11.tar.gz", hash = "sha256:795dafcc9c04ed0c1fb032c2aa73654d8e8c5023a7df64a53f39190ada629902", size = 194582 }
wheels = [
    { url = "https://files.pythonhosted.org/packages/0e/61/66938bbb5fc52dbdf84594873d5b51fb1f7c7794e9c0f5bd885f30bc507b/idna-3.11-py3-none-any.whl", hash = "sha256:771a87f49d9defaf64091e6e6fe9c18d4833f140bd19464795bc32d966ca37ea", size = 71008 },
]

[[package]]
name = "lxml"
version = "6.0.2"
source = { registry = "https://pypi.org/simple" }
sdist = { url = "https://files.pythonhosted.org/packages/aa/88/262177de60548e5a2bfc46ad28232c9e9cbde697bd94132aeb80364675cb/lxml-6.0.2.tar.gz", hash = "sha256:cd79f3367bd74b317dda655dc8fcfa304d9eb6e4fb06b7168c5cf27f96e0cd62", size = 4073426 }
wheels = [
    { url = "https://files.pythonhosted.org/packages/f3/c8/8ff2bc6b920c84355146cd1ab7d181bc543b89241cfb1ebee824a7c81457/lxml-6.0.2-cp312-cp312-macosx_10_13_universal2.whl", hash = "sha256:a59f5448ba2ceccd06995c95ea59a7674a10de0810f2ce90c9006f3cbc044456", size = 8661887 },
    { url = "https://files.pythonhosted.org/packages/37/6f/9aae1008083bb501ef63284220ce81638332f9ccbfa53765b2b7502203cf/lxml-6.0.2-cp312-cp312-macosx_10_13_x86_64.whl", hash = "sha256:e8113639f3296706fbac34a30813929e29247718e88173ad849f57ca59754924", size = 4667818 },
    { url = "https://files.pythonhosted.org/packages/f1/ca/31fb37f99f37f1536c133476674c10b577e409c0a624384147653e38baf2/lxml-6.0.2-cp312-cp312-manylinux2014_aarch64.manylinux_2_17_aarch64.whl", hash = "sha256:a8bef9b9825fa8bc816a6e641bb67219489229ebc648be422af695f6e7a4fa7f", size = 4950807 },
    { url = "https://files.pythonhosted.org/packages/da/87/f6cb9442e4bada8aab5ae7e1046264f62fdbeaa6e3f6211b93f4c0dd97f1/lxml-6.0.2-cp312-cp312-manylinux2014_x86_64.manylinux_2_17_x86_64.whl", hash = "sha256:65ea18d710fd14e0186c2f973dc60bb52039a275f82d3c44a0e42b43440ea534", size = 5109179 },
    { url = "https://files.pythonhosted.org/packages/c8/20/a7760713e65888db79bbae4f6146a6ae5c04e4a204a3c48896c408cd6ed2/lxml-6.0.2-cp312-cp312-manylinux_2_26_aarch64.manylinux_2_28_aarch64.whl", hash = "sha256:c371aa98126a0d4c739ca93ceffa0fd7a5d732e3ac66a46e74339acd4d334564", size = 5023044 },
    { url = "https://files.pythonhosted.org/packages/a2/b0/7e64e0460fcb36471899f75831509098f3fd7cd02a3833ac517433cb4f8f/lxml-6.0.2-cp312-cp312-manylinux_2_26_i686.manylinux_2_28_i686.whl", hash = "sha256:700efd30c0fa1a3581d80a748157397559396090a51d306ea59a70020223d16f", size = 5359685 },
    { url = "https://files.pythonhosted.org/packages/b9/e1/e5df362e9ca4e2f48ed6411bd4b3a0ae737cc842e96877f5bf9428055ab4/lxml-6.0.2-cp312-cp312-manylinux_2_26_ppc64le.manylinux_2_28_ppc64le.whl", hash = "sha256:c33e66d44fe60e72397b487ee92e01da0d09ba2d66df8eae42d77b6d06e5eba0", size = 5654127 },
    { url = "https://files.pythonhosted.org/packages/c6/d1/232b3309a02d60f11e71857778bfcd4acbdb86c07db8260caf7d008b08f8/lxml-6.0.2-cp312-cp312-manylinux_2_26_x86_64.manylinux_2_28_x86_64.whl", hash = "sha256:90a345bbeaf9d0587a3aaffb7006aa39ccb6ff0e96a57286c0cb2fd1520ea192", size = 5253958 },
    { url = "https://files.pythonhosted.org/packages/35/35/d955a070994725c4f7d80583a96cab9c107c57a125b20bb5f708fe941011/lxml-6.0.2-cp312-cp312-manylinux_2_31_armv7l.whl", hash = "sha256:064fdadaf7a21af3ed1dcaa106b854077fbeada827c18f72aec9346847cd65d0", size = 4711541 },
    { url = "https://files.pythonhosted.org/packages/1e/be/667d17363b38a78c4bd63cfd4b4632029fd68d2c2dc81f25ce9eb5224dd5/lxml-6.0.2-cp312-cp312-manylinux_2_38_riscv64.manylinux_2_39_riscv64.whl", hash = "sha256:fbc74f42c3525ac4ffa4b89cbdd00057b6196bcefe8bce794abd42d33a018092", size = 5267426 },
    { url = "https://files.pythonhosted.org/packages/ea/47/62c70aa4a1c26569bc958c9ca86af2bb4e1f614e8c04fb2989833874f7ae/lxml-6.0.2-cp312-cp312-musllinux_1_2_aarch64.whl", hash = "sha256:6ddff43f702905a4e32bc24f3f2e2edfe0f8fde3277d481bffb709a4cced7a1f", size = 5064917 },
    { url = "https://files.pythonhosted.org/packages/bd/55/6ceddaca353ebd0f1908ef712c597f8570cc9c58130dbb89903198e441fd/lxml-6.0.2-cp312-cp312-musllinux_1_2_armv7l.whl", hash = "sha256:6da5185951d72e6f5352166e3da7b0dc27aa70bd1090b0eb3f7f7212b53f1bb8", size = 4788795 },
    { url = "https://files.pythonhosted.org/packages/cf/e8/fd63e15da5e3fd4c2146f8bbb3c14e94ab850589beab88e547b2dbce22e1/lxml-6.0.2-cp312-cp312-musllinux_1_2_ppc64le.whl", hash = "sha256:57a86e1ebb4020a38d295c04fc79603c7899e0df71588043eb218722dabc087f", size = 5676759 },
    { url = "https://files.pythonhosted.org/packages/76/47/b3ec58dc5c374697f5ba37412cd2728f427d056315d124dd4b61da381877/lxml-6.0.2-cp312-cp312-musllinux_1_2_riscv64.whl", hash = "sha256:2047d8234fe735ab77802ce5f2297e410ff40f5238aec569ad7c8e163d7b19a6", size = 5255666 },
    { url = "https://files.pythonhosted.org/packages/19/93/03ba725df4c3d72afd9596eef4a37a837ce8e4806010569bedfcd2cb68fd/lxml-6.0.2-cp312-cp312-musllinux_1_2_x86_64.whl", hash = "sha256:6f91fd2b2ea15a6800c8e24418c0775a1694eefc011392da73bc6cef2623b322", size = 5277989 },
    { url = "https://files.pythonhosted.org/packages/c6/80/c06de80bfce881d0ad738576f243911fccf992687ae09fd80b734712b39c/lxml-6.0.2-cp312-cp312-win32.whl", hash = "sha256:3ae2ce7d6fedfb3414a2b6c5e20b249c4c607f72cb8d2bb7cc9c6ec7c6f4e849", size = 3611456 },
    { url = "https://files.pythonhosted.org/packages/f7/d7/0cdfb6c3e30893463fb3d1e52bc5f5f99684a03c29a0b6b605cfae879cd5/lxml-6.0.2-cp312-cp312-win_amd64.whl", hash = "sha256:72c87e5ee4e58a8354fb9c7c84cbf95a1c8236c127a5d1b7683f04bed8361e1f", size = 4011793 },
    { url = "https://files.pythonhosted.org/packages/ea/7b/93c73c67db235931527301ed3785f849c78991e2e34f3fd9a6663ffda4c5/lxml-6.0.2-cp312-cp312-win_arm64.whl", hash = "sha256:61cb10eeb95570153e0c0e554f58df92ecf5109f75eacad4a95baa709e26c3d6", size = 3672836 },
]

[[package]]
name = "mysqlclient"
version = "2.1.1"
source = { registry = "https://pypi.org/simple" }
sdist = { url = "https://files.pythonhosted.org/packages/50/5f/eac919b88b9df39bbe4a855f136d58f80d191cfea34a3dcf96bf5d8ace0a/mysqlclient-2.1.1.tar.gz", hash = "sha256:828757e419fb11dd6c5ed2576ec92c3efaa93a0f7c39e263586d1ee779c3d782", size = 88138 }

[[package]]
name = "odfpy"
version = "1.4.1"
source = { registry = "https://pypi.org/simple" }
dependencies = [
    { name = "defusedxml" },
]
sdist = { url = "https://files.pythonhosted.org/packages/97/73/8ade73f6749177003f7ce3304f524774adda96e6aaab30ea79fd8fda7934/odfpy-1.4.1.tar.gz", hash = "sha256:db766a6e59c5103212f3cc92ec8dd50a0f3a02790233ed0b52148b70d3c438ec", size = 717045 }

[[package]]
name = "openpyxl"
version = "3.1.5"
source = { registry = "https://pypi.org/simple" }
dependencies = [
    { name = "et-xmlfile" },
]
sdist = { url = "https://files.pythonhosted.org/packages/3d/f9/88d94a75de065ea32619465d2f77b29a0469500e99012523b91cc4141cd1/openpyxl-3.1.5.tar.gz", hash = "sha256:cf0e3cf56142039133628b5acffe8ef0c12bc902d2aadd3e0fe5878dc08d1050", size = 186464 }
wheels = [
    { url = "https://files.pythonhosted.org/packages/c0/da/977ded879c29cbd04de313843e76868e6e13408a94ed6b987245dc7c8506/openpyxl-3.1.5-py2.py3-none-any.whl", hash = "sha256:5282c12b107bffeef825f4617dc029afaf41d0ea60823bbb665ef3079dc79de2", size = 250910 },
]

[[package]]
name = "ply"
version = "3.8"
source = { registry = "https://pypi.org/simple" }
sdist = { url = "https://files.pythonhosted.org/packages/96/e0/430fcdb6b3ef1ae534d231397bee7e9304be14a47a267e82ebcb3323d0b5/ply-3.8.tar.gz", hash = "sha256:e7d1bdff026beb159c9942f7a17e102c375638d9478a7ecd4cc0c76afd8de0b8", size = 157286 }

[[package]]
name = "pyparsing"
version = "3.3.1"
source = { registry = "https://pypi.org/simple" }
sdist = { url = "https://files.pythonhosted.org/packages/33/c1/1d9de9aeaa1b89b0186e5fe23294ff6517fce1bc69149185577cd31016b2/pyparsing-3.3.1.tar.gz", hash = "sha256:47fad0f17ac1e2cad3de3b458570fbc9b03560aa029ed5e16ee5554da9a2251c", size = 1550512 }
wheels = [
    { url = "https://files.pythonhosted.org/packages/8b/40/2614036cdd416452f5bf98ec037f38a1afb17f327cb8e6b652d4729e0af8/pyparsing-3.3.1-py3-none-any.whl", hash = "sha256:023b5e7e5520ad96642e2c6db4cb683d3970bd640cdf7115049a6e9c3682df82", size = 121793 },
]

[[package]]
name = "pysqlite3"
version = "0.5.4"
source = { registry = "https://pypi.org/simple" }
sdist = { url = "https://files.pythonhosted.org/packages/33/cb/ef7d041dbecfbf47f9241d7cb6328311fd80fe15bd61a6253d9ab36e9d6d/pysqlite3-0.5.4.tar.gz", hash = "sha256:fbc69bfdc0cb43a5badd5403b126d5151371b5037e0397ba9802bb440c5b0021", size = 40743 }

[[package]]
name = "pysqlite3-binary"
version = "0.5.4.post2"
source = { registry = "https://pypi.org/simple" }
wheels = [
    { url = "https://files.pythonhosted.org/packages/35/e8/292e14aa4ed1ef3d4a70703c0103823fcd4b7d9701d9462e52ef88c2cc10/pysqlite3_binary-0.5.4.post2-cp312-cp312-manylinux2014_x86_64.manylinux_2_17_x86_64.whl", hash = "sha256:b6162cd966fa563fe85b5372c3e61d11dd7903bd0f09cc185cb0a4c9125f4a0f", size = 4951088 },
]

[[package]]
name = "pyyaml"
version = "6.0.3"
source = { registry = "https://pypi.org/simple" }
sdist = { url = "https://files.pythonhosted.org/packages/05/8e/961c0007c59b8dd7729d542c61a4d537767a59645b82a0b521206e1e25c2/pyyaml-6.0.3.tar.gz", hash = "sha256:d76623373421df22fb4cf8817020cbb7ef15c725b9d5e45f17e189bfc384190f", size = 130960 }
wheels = [
    { url = "https://files.pythonhosted.org/packages/d1/33/422b98d2195232ca1826284a76852ad5a86fe23e31b009c9886b2d0fb8b2/pyyaml-6.0.3-cp312-cp312-macosx_10_13_x86_64.whl", hash = "sha256:7f047e29dcae44602496db43be01ad42fc6f1cc0d8cd6c83d342306c32270196", size = 182063 },
    { url = "https://files.pythonhosted.org/packages/89/a0/6cf41a19a1f2f3feab0e9c0b74134aa2ce6849093d5517a0c550fe37a648/pyyaml-6.0.3-cp312-cp312-macosx_11_0_arm64.whl", hash = "sha256:fc09d0aa354569bc501d4e787133afc08552722d3ab34836a80547331bb5d4a0", size = 173973 },
    { url = "https://files.pythonhosted.org/packages/ed/23/7a778b6bd0b9a8039df8b1b1d80e2e2ad78aa04171592c8a5c43a56a6af4/pyyaml-6.0.3-cp312-cp312-manylinux2014_aarch64.manylinux_2_17_aarch64.manylinux_2_28_aarch64.whl", hash = "sha256:9149cad251584d5fb4981be1ecde53a1ca46c891a79788c0df828d2f166bda28", size = 775116 },
    { url = "https://files.pythonhosted.org/packages/65/30/d7353c338e12baef4ecc1b09e877c1970bd3382789c159b4f89d6a70dc09/pyyaml-6.0.3-cp312-cp312-manylinux2014_s390x.manylinux_2_17_s390x.manylinux_2_28_s390x.whl", hash = "sha256:5fdec68f91a0c6739b380c83b951e2c72ac0197ace422360e6d5a959d8d97b2c", size = 844011 },
    { url = "https://files.pythonhosted.org/packages/8b/9d/b3589d3877982d4f2329302ef98a8026e7f4443c765c46cfecc8858c6b4b/pyyaml-6.0.3-cp312-cp312-manylinux2014_x86_64.manylinux_2_17_x86_64.manylinux_2_28_x86_64.whl", hash = "sha256:ba1cc08a7ccde2d2ec775841541641e4548226580ab850948cbfda66a1befcdc", size = 807870 },
    { url = "https://files.pythonhosted.org/packages/05/c0/b3be26a015601b822b97d9149ff8cb5ead58c66f981e04fedf4e762f4bd4/pyyaml-6.0.3-cp312-cp312-musllinux_1_2_aarch64.whl", hash = "sha256:8dc52c23056b9ddd46818a57b78404882310fb473d63f17b07d5c40421e47f8e", size = 761089 },
    { url = "https://files.pythonhosted.org/packages/be/8e/98435a21d1d4b46590d5459a22d88128103f8da4c2d4cb8f14f2a96504e1/pyyaml-6.0.3-cp312-cp312-musllinux_1_2_x86_64.whl", hash = "sha256:41715c910c881bc081f1e8872880d3c650acf13dfa8214bad49ed4cede7c34ea", size = 790181 },
    { url = "https://files.pythonhosted.org/packages/74/93/7baea19427dcfbe1e5a372d81473250b379f04b1bd3c4c5ff825e2327202/pyyaml-6.0.3-cp312-cp312-win32.whl", hash = "sha256:96b533f0e99f6579b3d4d4995707cf36df9100d67e0c8303a0c55b27b5f99bc5", size = 137658 },
    { url = "https://files.pythonhosted.org/packages/86/bf/899e81e4cce32febab4fb42bb97dcdf66bc135272882d1987881a4b519e9/pyyaml-6.0.3-cp312-cp312-win_amd64.whl", hash = "sha256:5fcd34e47f6e0b794d17de1b4ff496c00986e1c83f7ab2fb8fcfe9616ff7477b", size = 154003 },
    { url = "https://files.pythonhosted.org/packages/1a/08/67bd04656199bbb51dbed1439b7f27601dfb576fb864099c7ef0c3e55531/pyyaml-6.0.3-cp312-cp312-win_arm64.whl", hash = "sha256:64386e5e707d03a7e172c0701abfb7e10f0fb753ee1d773128192742712a98fd", size = 140344 },
]

[[package]]
name = "rdflib"
version = "7.5.0"
source = { registry = "https://pypi.org/simple" }
dependencies = [
    { name = "pyparsing" },
]
sdist = { url = "https://files.pythonhosted.org/packages/ec/1b/4cd9a29841951371304828d13282e27a5f25993702c7c87dcb7e0604bd25/rdflib-7.5.0.tar.gz", hash = "sha256:663083443908b1830e567350d72e74d9948b310f827966358d76eebdc92bf592", size = 4903859 }
wheels = [
    { url = "https://files.pythonhosted.org/packages/b9/20/35d2baebacf357b562bd081936b66cd845775442973cb033a377fd639a84/rdflib-7.5.0-py3-none-any.whl", hash = "sha256:b011dfc40d0fc8a44252e906dcd8fc806a7859bc231be190c37e9568a31ac572", size = 587215 },
]

[[package]]
name = "requests"
version = "2.26.0"
source = { registry = "https://pypi.org/simple" }
dependencies = [
    { name = "certifi" },
    { name = "charset-normalizer" },
    { name = "idna" },
    { name = "urllib3" },
]
sdist = { url = "https://files.pythonhosted.org/packages/e7/01/3569e0b535fb2e4a6c384bdbed00c55b9d78b5084e0fb7f4d0bf523d7670/requests-2.26.0.tar.gz", hash = "sha256:b8aa58f8cf793ffd8782d3d8cb19e66ef36f7aba4353eec859e74678b01b07a7", size = 104433 }
wheels = [
    { url = "https://files.pythonhosted.org/packages/92/96/144f70b972a9c0eabbd4391ef93ccd49d0f2747f4f6a2a2738e99e5adc65/requests-2.26.0-py2.py3-none-any.whl", hash = "sha256:6c1246513ecd5ecd4528a0906f910e8f0f9c6b8ec72030dc9fd154dc1a6efd24", size = 62251 },
]

[[package]]
name = "responses"
version = "0.23.0"
source = { registry = "https://pypi.org/simple" }
dependencies = [
    { name = "pyyaml" },
    { name = "requests" },
    { name = "types-pyyaml" },
    { name = "urllib3" },
]
sdist = { url = "https://files.pythonhosted.org/packages/be/53/8ccedb62bef7b3baa732cf58ce151a11ede0532705f014bbce69c44c972f/responses-0.23.0.tar.gz", hash = "sha256:c5d5ccbbdf8696e8b753b97a1db269051e26195de234a0783f01985e8f4fa193", size = 72983 }
wheels = [
    { url = "https://files.pythonhosted.org/packages/fe/38/c237d2915de086cc03290ae9430d373c65379c18e7d991f144e3509ce23c/responses-0.23.0-py3-none-any.whl", hash = "sha256:353afbf79af98cee90673c63817d370b63a7b9cf3e5c44d16702cca02234ccfb", size = 52140 },
]

[[package]]
name = "setuptools"
version = "80.9.0"
source = { registry = "https://pypi.org/simple" }
sdist = { url = "https://files.pythonhosted.org/packages/18/5d/3bf57dcd21979b887f014ea83c24ae194cfcd12b9e0fda66b957c69d1fca/setuptools-80.9.0.tar.gz", hash = "sha256:f36b47402ecde768dbfafc46e8e4207b4360c654f1f3bb84475f0a28628fb19c", size = 1319958 }
wheels = [
    { url = "https://files.pythonhosted.org/packages/a3/dc/17031897dae0efacfea57dfd3a82fdd2a2aeb58e0ff71b77b87e44edc772/setuptools-80.9.0-py3-none-any.whl", hash = "sha256:062d34222ad13e0cc312a4c02d73f059e86a4acbfbdea8f8f76b28c99f306922", size = 1201486 },
]

[[package]]
name = "six"
version = "1.17.0"
source = { registry = "https://pypi.org/simple" }
sdist = { url = "https://files.pythonhosted.org/packages/94/e7/b2c673351809dca68a0e064b6af791aa332cf192da575fd474ed7d6f16a2/six-1.17.0.tar.gz", hash = "sha256:ff70335d468e7eb6ec65b95b99d3a2836546063f63acc5171de367e834932a81", size = 34031 }
wheels = [
    { url = "https://files.pythonhosted.org/packages/b7/ce/149a00dd41f10bc29e5921b496af8b574d8413afcd5e30dfa0ed46c2cc5e/six-1.17.0-py2.py3-none-any.whl", hash = "sha256:4721f391ed90541fddacab5acf947aa0d3dc7d27b2e1e8eda2be8970586c3274", size = 11050 },
]

[[package]]
name = "sqlparse"
version = "0.5.5"
source = { registry = "https://pypi.org/simple" }
sdist = { url = "https://files.pythonhosted.org/packages/90/76/437d71068094df0726366574cf3432a4ed754217b436eb7429415cf2d480/sqlparse-0.5.5.tar.gz", hash = "sha256:e20d4a9b0b8585fdf63b10d30066c7c94c5d7a7ec47c889a2d83a3caa93ff28e", size = 120815 }
wheels = [
    { url = "https://files.pythonhosted.org/packages/49/4b/359f28a903c13438ef59ebeee215fb25da53066db67b305c125f1c6d2a25/sqlparse-0.5.5-py3-none-any.whl", hash = "sha256:12a08b3bf3eec877c519589833aed092e2444e68240a3577e8e26148acc7b1ba", size = 46138 },
]

[[package]]
name = "tablib"
version = "3.9.0"
source = { registry = "https://pypi.org/simple" }
sdist = { url = "https://files.pythonhosted.org/packages/11/00/416d2ba54d7d58a7f7c61bf62dfeb48fd553cf49614daf83312f2d2c156e/tablib-3.9.0.tar.gz", hash = "sha256:1b6abd8edb0f35601e04c6161d79660fdcde4abb4a54f66cc9f9054bd55d5fe2", size = 125565 }
wheels = [
    { url = "https://files.pythonhosted.org/packages/66/6b/32e51d847148b299088fc42d3d896845fd09c5247190133ea69dbe71ba51/tablib-3.9.0-py3-none-any.whl", hash = "sha256:eda17cd0d4dda614efc0e710227654c60ddbeb1ca92cdcfc5c3bd1fc5f5a6e4a", size = 49580 },
]

[package.optional-dependencies]
ods = [
    { name = "odfpy" },
]
xls = [
    { name = "xlrd" },
    { name = "xlwt" },
]
xlsx = [
    { name = "openpyxl" },
]
yaml = [
    { name = "pyyaml" },
]

[[package]]
name = "types-pyyaml"
version = "6.0.12.20250915"
source = { registry = "https://pypi.org/simple" }
sdist = { url = "https://files.pythonhosted.org/packages/7e/69/3c51b36d04da19b92f9e815be12753125bd8bc247ba0470a982e6979e71c/types_pyyaml-6.0.12.20250915.tar.gz", hash = "sha256:0f8b54a528c303f0e6f7165687dd33fafa81c807fcac23f632b63aa624ced1d3", size = 17522 }
wheels = [
    { url = "https://files.pythonhosted.org/packages/bd/e0/1eed384f02555dde685fff1a1ac805c1c7dcb6dd019c916fe659b1c1f9ec/types_pyyaml-6.0.12.20250915-py3-none-any.whl", hash = "sha256:e7d4d9e064e89a3b3cae120b4990cd370874d2bf12fa5f46c97018dd5d3c9ab6", size = 20338 },
]

[[package]]
name = "tzdata"
version = "2025.3"
source = { registry = "https://pypi.org/simple" }
sdist = { url = "https://files.pythonhosted.org/packages/5e/a7/c202b344c5ca7daf398f3b8a477eeb205cf3b6f32e7ec3a6bac0629ca975/tzdata-2025.3.tar.gz", hash = "sha256:de39c2ca5dc7b0344f2eba86f49d614019d29f060fc4ebc8a417896a620b56a7", size = 196772 }
wheels = [
    { url = "https://files.pythonhosted.org/packages/c7/b0/003792df09decd6849a5e39c28b513c06e84436a54440380862b5aeff25d/tzdata-2025.3-py2.py3-none-any.whl", hash = "sha256:06a47e5700f3081aab02b2e513160914ff0694bce9947d6b76ebd6bf57cfc5d1", size = 348521 },
]

[[package]]
name = "urllib3"
version = "1.26.20"
source = { registry = "https://pypi.org/simple" }
sdist = { url = "https://files.pythonhosted.org/packages/e4/e8/6ff5e6bc22095cfc59b6ea711b687e2b7ed4bdb373f7eeec370a97d7392f/urllib3-1.26.20.tar.gz", hash = "sha256:40c2dc0c681e47eb8f90e7e27bf6ff7df2e677421fd46756da1161c39ca70d32", size = 307380 }
wheels = [
    { url = "https://files.pythonhosted.org/packages/33/cf/8435d5a7159e2a9c83a95896ed596f68cf798005fe107cc655b5c5c14704/urllib3-1.26.20-py2.py3-none-any.whl", hash = "sha256:0ed14ccfbf1c30a9072c7ca157e4319b70d65f623e91e7b32fadb2853431016e", size = 144225 },
]

[[package]]
name = "xlrd"
version = "2.0.2"
source = { registry = "https://pypi.org/simple" }
sdist = { url = "https://files.pythonhosted.org/packages/07/5a/377161c2d3538d1990d7af382c79f3b2372e880b65de21b01b1a2b78691e/xlrd-2.0.2.tar.gz", hash = "sha256:08b5e25de58f21ce71dc7db3b3b8106c1fa776f3024c54e45b45b374e89234c9", size = 100167 }
wheels = [
    { url = "https://files.pythonhosted.org/packages/1a/62/c8d562e7766786ba6587d09c5a8ba9f718ed3fa8af7f4553e8f91c36f302/xlrd-2.0.2-py2.py3-none-any.whl", hash = "sha256:ea762c3d29f4cca48d82df517b6d89fbce4db3107f9d78713e48cd321d5c9aa9", size = 96555 },
]

[[package]]
name = "xlwt"
version = "1.3.0"
source = { registry = "https://pypi.org/simple" }
sdist = { url = "https://files.pythonhosted.org/packages/06/97/56a6f56ce44578a69343449aa5a0d98eefe04085d69da539f3034e2cd5c1/xlwt-1.3.0.tar.gz", hash = "sha256:c59912717a9b28f1a3c2a98fd60741014b06b043936dcecbc113eaaada156c88", size = 153929 }
wheels = [
    { url = "https://files.pythonhosted.org/packages/44/48/def306413b25c3d01753603b1a222a011b8621aed27cd7f89cbc27e6b0f4/xlwt-1.3.0-py2.py3-none-any.whl", hash = "sha256:a082260524678ba48a297d922cc385f58278b8aa68741596a87de01a9c628b2e", size = 99981 },
]
